
Microsoft Visual Studio Solution File, Format Version 12.00
# Visual Studio Version 17
VisualStudioVersion = 17.0.31903.59
MinimumVisualStudioVersion = 10.0.40219.1
Project("{FAE04EC0-301F-11D3-BF4B-00C04F79EFBC}") = "_08gyakConsole", "_08gyakConsole\_08gyakConsole.csproj", "{2FA05DB1-2896-4687-90CD-0C0D3C2CB39C}"
EndProject
Global
	GlobalSection(SolutionConfigurationPlatforms) = preSolution
		Debug|Any CPU = Debug|Any CPU
		Release|Any CPU = Release|Any CPU
	EndGlobalSection
	GlobalSection(SolutionProperties) = preSolution
		HideSolutionNode = FALSE
	EndGlobalSection
	GlobalSection(ProjectConfigurationPlatforms) = postSolution
		{2FA05DB1-2896-4687-90CD-0C0D3C2CB39C}.Debug|Any CPU.ActiveCfg = Debug|Any CPU
		{2FA05DB1-2896-4687-90CD-0C0D3C2CB39C}.Debug|Any CPU.Build.0 = Debug|Any CPU
		{2FA05DB1-2896-4687-90CD-0C0D3C2CB39C}.Release|Any CPU.ActiveCfg = Release|Any CPU
		{2FA05DB1-2896-4687-90CD-0C0D3C2CB39C}.Release|Any CPU.Build.0 = Release|Any CPU
	EndGlobalSection
EndGlobal
